{
  "name": "tests",
  "version": "1.0.0",
  "lockfileVersion": 2,
  "requires": true,
  "packages": {
    "": {
      "name": "tests",
      "version": "1.0.0",
      "license": "ISC",
      "dependencies": {
        "create-playwright": "^1.17.116"
      }
    },
    "node_modules/create-playwright": {
      "version": "1.17.116",
      "resolved": "https://registry.npmjs.org/create-playwright/-/create-playwright-1.17.116.tgz",
      "integrity": "sha512-Fy5xkv1cGBZuDYvZWHmD62BUGN9z+CckQjRt2XLUsNXFAgRA5BHRn60qqGvvA5+SDLvXA7VPsGGINXZKjbiFlQ==",
      "bin": {
        "create-playwright": "index.js"
      },
      "engines": {
        "node": ">=12"
      }
    }
  },
  "dependencies": {
    "create-playwright": {
      "version": "1.17.116",
      "resolved": "https://registry.npmjs.org/create-playwright/-/create-playwright-1.17.116.tgz",
      "integrity": "sha512-Fy5xkv1cGBZuDYvZWHmD62BUGN9z+CckQjRt2XLUsNXFAgRA5BHRn60qqGvvA5+SDLvXA7VPsGGINXZKjbiFlQ=="
    }
  }
}
